// !$*UTF8*$!
{
	archiveVersion = 1;
	classes = {
	};
	objectVersion = 46;
	objects = {

/* Begin PBXBuildFile section */
		5B2323EF1D8BCE900089C95B /* MCLaunchAdTests.m in Sources */ = {isa = PBXBuildFile; fileRef = 5B2323EE1D8BCE900089C95B /* MCLaunchAdTests.m */; };
		5B2323FA1D8BCE900089C95B /* MCLaunchAdUITests.m in Sources */ = {isa = PBXBuildFile; fileRef = 5B2323F91D8BCE900089C95B /* MCLaunchAdUITests.m */; };
		5B2324111D92792A0089C95B /* README.md in Sources */ = {isa = PBXBuildFile; fileRef = 5B2324101D92792A0089C95B /* README.md */; };
		5B23247C1D94C93B0089C95B /* AppDelegate.m in Sources */ = {isa = PBXBuildFile; fileRef = 5B2324491D94C93B0089C95B /* AppDelegate.m */; };
		5B23247D1D94C93B0089C95B /* Assets.xcassets in Resources */ = {isa = PBXBuildFile; fileRef = 5B23244A1D94C93B0089C95B /* Assets.xcassets */; };
		5B23247E1D94C93B0089C95B /* LaunchScreen.storyboard in Resources */ = {isa = PBXBuildFile; fileRef = 5B23244B1D94C93B0089C95B /* LaunchScreen.storyboard */; };
		5B23247F1D94C93B0089C95B /* Main.storyboard in Resources */ = {isa = PBXBuildFile; fileRef = 5B23244D1D94C93B0089C95B /* Main.storyboard */; };
		5B2324801D94C93B0089C95B /* Info.plist in Resources */ = {isa = PBXBuildFile; fileRef = 5B23244F1D94C93B0089C95B /* Info.plist */; };
		5B2324811D94C93B0089C95B /* main.m in Sources */ = {isa = PBXBuildFile; fileRef = 5B2324501D94C93B0089C95B /* main.m */; };
		5B2324821D94C93B0089C95B /* MCCountingButton.m in Sources */ = {isa = PBXBuildFile; fileRef = 5B2324521D94C93B0089C95B /* MCCountingButton.m */; };
		5B2324831D94C93B0089C95B /* MCLaunchAdView.m in Sources */ = {isa = PBXBuildFile; fileRef = 5B2324541D94C93B0089C95B /* MCLaunchAdView.m */; };
		5B2324841D94C93B0089C95B /* adImage_lion.png in Resources */ = {isa = PBXBuildFile; fileRef = 5B2324561D94C93B0089C95B /* adImage_lion.png */; };
		5B2324851D94C93B0089C95B /* LaunchImageIconLogo_930.png in Resources */ = {isa = PBXBuildFile; fileRef = 5B2324571D94C93B0089C95B /* LaunchImageIconLogo_930.png */; };
		5B2324861D94C93B0089C95B /* MKAnnotationView+WebCache.m in Sources */ = {isa = PBXBuildFile; fileRef = 5B23245A1D94C93B0089C95B /* MKAnnotationView+WebCache.m */; };
		5B2324871D94C93B0089C95B /* NSData+ImageContentType.m in Sources */ = {isa = PBXBuildFile; fileRef = 5B23245C1D94C93B0089C95B /* NSData+ImageContentType.m */; };
		5B2324881D94C93B0089C95B /* SDImageCache.m in Sources */ = {isa = PBXBuildFile; fileRef = 5B23245E1D94C93B0089C95B /* SDImageCache.m */; };
		5B2324891D94C93B0089C95B /* SDWebImageCompat.m in Sources */ = {isa = PBXBuildFile; fileRef = 5B2324601D94C93B0089C95B /* SDWebImageCompat.m */; };
		5B23248A1D94C93B0089C95B /* SDWebImageDecoder.m in Sources */ = {isa = PBXBuildFile; fileRef = 5B2324621D94C93B0089C95B /* SDWebImageDecoder.m */; };
		5B23248B1D94C93B0089C95B /* SDWebImageDownloader.m in Sources */ = {isa = PBXBuildFile; fileRef = 5B2324641D94C93B0089C95B /* SDWebImageDownloader.m */; };
		5B23248C1D94C93B0089C95B /* SDWebImageDownloaderOperation.m in Sources */ = {isa = PBXBuildFile; fileRef = 5B2324661D94C93B0089C95B /* SDWebImageDownloaderOperation.m */; };
		5B23248D1D94C93B0089C95B /* SDWebImageManager.m in Sources */ = {isa = PBXBuildFile; fileRef = 5B2324681D94C93B0089C95B /* SDWebImageManager.m */; };
		5B23248E1D94C93B0089C95B /* SDWebImagePrefetcher.m in Sources */ = {isa = PBXBuildFile; fileRef = 5B23246B1D94C93B0089C95B /* SDWebImagePrefetcher.m */; };
		5B23248F1D94C93B0089C95B /* UIButton+WebCache.m in Sources */ = {isa = PBXBuildFile; fileRef = 5B23246D1D94C93B0089C95B /* UIButton+WebCache.m */; };
		5B2324901D94C93B0089C95B /* UIImage+GIF.m in Sources */ = {isa = PBXBuildFile; fileRef = 5B23246F1D94C93B0089C95B /* UIImage+GIF.m */; };
		5B2324911D94C93B0089C95B /* UIImage+MultiFormat.m in Sources */ = {isa = PBXBuildFile; fileRef = 5B2324711D94C93B0089C95B /* UIImage+MultiFormat.m */; };
		5B2324921D94C93B0089C95B /* UIImage+WebP.m in Sources */ = {isa = PBXBuildFile; fileRef = 5B2324731D94C93B0089C95B /* UIImage+WebP.m */; };
		5B2324931D94C93B0089C95B /* UIImageView+HighlightedWebCache.m in Sources */ = {isa = PBXBuildFile; fileRef = 5B2324751D94C93B0089C95B /* UIImageView+HighlightedWebCache.m */; };
		5B2324941D94C93B0089C95B /* UIImageView+WebCache.m in Sources */ = {isa = PBXBuildFile; fileRef = 5B2324771D94C93B0089C95B /* UIImageView+WebCache.m */; };
		5B2324951D94C93B0089C95B /* UIView+WebCacheOperation.m in Sources */ = {isa = PBXBuildFile; fileRef = 5B2324791D94C93B0089C95B /* UIView+WebCacheOperation.m */; };
		5B2324961D94C93B0089C95B /* ViewController.m in Sources */ = {isa = PBXBuildFile; fileRef = 5B23247B1D94C93B0089C95B /* ViewController.m */; };
/* End PBXBuildFile section */

/* Begin PBXContainerItemProxy section */
		5B2323EB1D8BCE900089C95B /* PBXContainerItemProxy */ = {
			isa = PBXContainerItemProxy;
			containerPortal = 5B2323C91D8BCE8F0089C95B /* Project object */;
			proxyType = 1;
			remoteGlobalIDString = 5B2323D01D8BCE8F0089C95B;
			remoteInfo = MCLaunchAd;
		};
		5B2323F61D8BCE900089C95B /* PBXContainerItemProxy */ = {
			isa = PBXContainerItemProxy;
			containerPortal = 5B2323C91D8BCE8F0089C95B /* Project object */;
			proxyType = 1;
			remoteGlobalIDString = 5B2323D01D8BCE8F0089C95B;
			remoteInfo = MCLaunchAd;
		};
/* End PBXContainerItemProxy section */

/* Begin PBXFileReference section */
		5B2323D11D8BCE8F0089C95B /* MCLaunchAd.app */ = {isa = PBXFileReference; explicitFileType = wrapper.application; includeInIndex = 0; path = MCLaunchAd.app; sourceTree = BUILT_PRODUCTS_DIR; };
		5B2323EA1D8BCE900089C95B /* MCLaunchAdTests.xctest */ = {isa = PBXFileReference; explicitFileType = wrapper.cfbundle; includeInIndex = 0; path = MCLaunchAdTests.xctest; sourceTree = BUILT_PRODUCTS_DIR; };
		5B2323EE1D8BCE900089C95B /* MCLaunchAdTests.m */ = {isa = PBXFileReference; lastKnownFileType = sourcecode.c.objc; path = MCLaunchAdTests.m; sourceTree = "<group>"; };
		5B2323F01D8BCE900089C95B /* Info.plist */ = {isa = PBXFileReference; lastKnownFileType = text.plist.xml; path = Info.plist; sourceTree = "<group>"; };
		5B2323F51D8BCE900089C95B /* MCLaunchAdUITests.xctest */ = {isa = PBXFileReference; explicitFileType = wrapper.cfbundle; includeInIndex = 0; path = MCLaunchAdUITests.xctest; sourceTree = BUILT_PRODUCTS_DIR; };
		5B2323F91D8BCE900089C95B /* MCLaunchAdUITests.m */ = {isa = PBXFileReference; lastKnownFileType = sourcecode.c.objc; path = MCLaunchAdUITests.m; sourceTree = "<group>"; };
		5B2323FB1D8BCE900089C95B /* Info.plist */ = {isa = PBXFileReference; lastKnownFileType = text.plist.xml; path = Info.plist; sourceTree = "<group>"; };
		5B2324101D92792A0089C95B /* README.md */ = {isa = PBXFileReference; fileEncoding = 4; lastKnownFileType = net.daringfireball.markdown; path = README.md; sourceTree = "<group>"; };
		5B2324481D94C93B0089C95B /* AppDelegate.h */ = {isa = PBXFileReference; fileEncoding = 4; lastKnownFileType = sourcecode.c.h; path = AppDelegate.h; sourceTree = "<group>"; };
		5B2324491D94C93B0089C95B /* AppDelegate.m */ = {isa = PBXFileReference; fileEncoding = 4; lastKnownFileType = sourcecode.c.objc; path = AppDelegate.m; sourceTree = "<group>"; };
		5B23244A1D94C93B0089C95B /* Assets.xcassets */ = {isa = PBXFileReference; lastKnownFileType = folder.assetcatalog; path = Assets.xcassets; sourceTree = "<group>"; };
		5B23244C1D94C93B0089C95B /* Base */ = {isa = PBXFileReference; lastKnownFileType = file.storyboard; name = Base; path = Base.lproj/LaunchScreen.storyboard; sourceTree = "<group>"; };
		5B23244E1D94C93B0089C95B /* Base */ = {isa = PBXFileReference; lastKnownFileType = file.storyboard; name = Base; path = Base.lproj/Main.storyboard; sourceTree = "<group>"; };
		5B23244F1D94C93B0089C95B /* Info.plist */ = {isa = PBXFileReference; fileEncoding = 4; lastKnownFileType = text.plist.xml; path = Info.plist; sourceTree = "<group>"; };
		5B2324501D94C93B0089C95B /* main.m */ = {isa = PBXFileReference; fileEncoding = 4; lastKnownFileType = sourcecode.c.objc; path = main.m; sourceTree = "<group>"; };
		5B2324511D94C93B0089C95B /* MCCountingButton.h */ = {isa = PBXFileReference; fileEncoding = 4; lastKnownFileType = sourcecode.c.h; path = MCCountingButton.h; sourceTree = "<group>"; };
		5B2324521D94C93B0089C95B /* MCCountingButton.m */ = {isa = PBXFileReference; fileEncoding = 4; lastKnownFileType = sourcecode.c.objc; path = MCCountingButton.m; sourceTree = "<group>"; };
		5B2324531D94C93B0089C95B /* MCLaunchAdView.h */ = {isa = PBXFileReference; fileEncoding = 4; lastKnownFileType = sourcecode.c.h; path = MCLaunchAdView.h; sourceTree = "<group>"; };
		5B2324541D94C93B0089C95B /* MCLaunchAdView.m */ = {isa = PBXFileReference; fileEncoding = 4; lastKnownFileType = sourcecode.c.objc; path = MCLaunchAdView.m; sourceTree = "<group>"; };
		5B2324561D94C93B0089C95B /* adImage_lion.png */ = {isa = PBXFileReference; lastKnownFileType = image.png; path = adImage_lion.png; sourceTree = "<group>"; };
		5B2324571D94C93B0089C95B /* LaunchImageIconLogo_930.png */ = {isa = PBXFileReference; lastKnownFileType = image.png; path = LaunchImageIconLogo_930.png; sourceTree = "<group>"; };
		5B2324591D94C93B0089C95B /* MKAnnotationView+WebCache.h */ = {isa = PBXFileReference; fileEncoding = 4; lastKnownFileType = sourcecode.c.h; path = "MKAnnotationView+WebCache.h"; sourceTree = "<group>"; };
		5B23245A1D94C93B0089C95B /* MKAnnotationView+WebCache.m */ = {isa = PBXFileReference; fileEncoding = 4; lastKnownFileType = sourcecode.c.objc; path = "MKAnnotationView+WebCache.m"; sourceTree = "<group>"; };
		5B23245B1D94C93B0089C95B /* NSData+ImageContentType.h */ = {isa = PBXFileReference; fileEncoding = 4; lastKnownFileType = sourcecode.c.h; path = "NSData+ImageContentType.h"; sourceTree = "<group>"; };
		5B23245C1D94C93B0089C95B /* NSData+ImageContentType.m */ = {isa = PBXFileReference; fileEncoding = 4; lastKnownFileType = sourcecode.c.objc; path = "NSData+ImageContentType.m"; sourceTree = "<group>"; };
		5B23245D1D94C93B0089C95B /* SDImageCache.h */ = {isa = PBXFileReference; fileEncoding = 4; lastKnownFileType = sourcecode.c.h; path = SDImageCache.h; sourceTree = "<group>"; };
		5B23245E1D94C93B0089C95B /* SDImageCache.m */ = {isa = PBXFileReference; fileEncoding = 4; lastKnownFileType = sourcecode.c.objc; path = SDImageCache.m; sourceTree = "<group>"; };
		5B23245F1D94C93B0089C95B /* SDWebImageCompat.h */ = {isa = PBXFileReference; fileEncoding = 4; lastKnownFileType = sourcecode.c.h; path = SDWebImageCompat.h; sourceTree = "<group>"; };
		5B2324601D94C93B0089C95B /* SDWebImageCompat.m */ = {isa = PBXFileReference; fileEncoding = 4; lastKnownFileType = sourcecode.c.objc; path = SDWebImageCompat.m; sourceTree = "<group>"; };
		5B2324611D94C93B0089C95B /* SDWebImageDecoder.h */ = {isa = PBXFileReference; fileEncoding = 4; lastKnownFileType = sourcecode.c.h; path = SDWebImageDecoder.h; sourceTree = "<group>"; };
		5B2324621D94C93B0089C95B /* SDWebImageDecoder.m */ = {isa = PBXFileReference; fileEncoding = 4; lastKnownFileType = sourcecode.c.objc; path = SDWebImageDecoder.m; sourceTree = "<group>"; };
		5B2324631D94C93B0089C95B /* SDWebImageDownloader.h */ = {isa = PBXFileReference; fileEncoding = 4; lastKnownFileType = sourcecode.c.h; path = SDWebImageDownloader.h; sourceTree = "<group>"; };
		5B2324641D94C93B0089C95B /* SDWebImageDownloader.m */ = {isa = PBXFileReference; fileEncoding = 4; lastKnownFileType = sourcecode.c.objc; path = SDWebImageDownloader.m; sourceTree = "<group>"; };
		5B2324651D94C93B0089C95B /* SDWebImageDownloaderOperation.h */ = {isa = PBXFileReference; fileEncoding = 4; lastKnownFileType = sourcecode.c.h; path = SDWebImageDownloaderOperation.h; sourceTree = "<group>"; };
		5B2324661D94C93B0089C95B /* SDWebImageDownloaderOperation.m */ = {isa = PBXFileReference; fileEncoding = 4; lastKnownFileType = sourcecode.c.objc; path = SDWebImageDownloaderOperation.m; sourceTree = "<group>"; };
		5B2324671D94C93B0089C95B /* SDWebImageManager.h */ = {isa = PBXFileReference; fileEncoding = 4; lastKnownFileType = sourcecode.c.h; path = SDWebImageManager.h; sourceTree = "<group>"; };
		5B2324681D94C93B0089C95B /* SDWebImageManager.m */ = {isa = PBXFileReference; fileEncoding = 4; lastKnownFileType = sourcecode.c.objc; path = SDWebImageManager.m; sourceTree = "<group>"; };
		5B2324691D94C93B0089C95B /* SDWebImageOperation.h */ = {isa = PBXFileReference; fileEncoding = 4; lastKnownFileType = sourcecode.c.h; path = SDWebImageOperation.h; sourceTree = "<group>"; };
		5B23246A1D94C93B0089C95B /* SDWebImagePrefetcher.h */ = {isa = PBXFileReference; fileEncoding = 4; lastKnownFileType = sourcecode.c.h; path = SDWebImagePrefetcher.h; sourceTree = "<group>"; };
		5B23246B1D94C93B0089C95B /* SDWebImagePrefetcher.m */ = {isa = PBXFileReference; fileEncoding = 4; lastKnownFileType = sourcecode.c.objc; path = SDWebImagePrefetcher.m; sourceTree = "<group>"; };
		5B23246C1D94C93B0089C95B /* UIButton+WebCache.h */ = {isa = PBXFileReference; fileEncoding = 4; lastKnownFileType = sourcecode.c.h; path = "UIButton+WebCache.h"; sourceTree = "<group>"; };
		5B23246D1D94C93B0089C95B /* UIButton+WebCache.m */ = {isa = PBXFileReference; fileEncoding = 4; lastKnownFileType = sourcecode.c.objc; path = "UIButton+WebCache.m"; sourceTree = "<group>"; };
		5B23246E1D94C93B0089C95B /* UIImage+GIF.h */ = {isa = PBXFileReference; fileEncoding = 4; lastKnownFileType = sourcecode.c.h; path = "UIImage+GIF.h"; sourceTree = "<group>"; };
		5B23246F1D94C93B0089C95B /* UIImage+GIF.m */ = {isa = PBXFileReference; fileEncoding = 4; lastKnownFileType = sourcecode.c.objc; path = "UIImage+GIF.m"; sourceTree = "<group>"; };
		5B2324701D94C93B0089C95B /* UIImage+MultiFormat.h */ = {isa = PBXFileReference; fileEncoding = 4; lastKnownFileType = sourcecode.c.h; path = "UIImage+MultiFormat.h"; sourceTree = "<group>"; };
		5B2324711D94C93B0089C95B /* UIImage+MultiFormat.m */ = {isa = PBXFileReference; fileEncoding = 4; lastKnownFileType = sourcecode.c.objc; path = "UIImage+MultiFormat.m"; sourceTree = "<group>"; };
		5B2324721D94C93B0089C95B /* UIImage+WebP.h */ = {isa = PBXFileReference; fileEncoding = 4; lastKnownFileType = sourcecode.c.h; path = "UIImage+WebP.h"; sourceTree = "<group>"; };
		5B2324731D94C93B0089C95B /* UIImage+WebP.m */ = {isa = PBXFileReference; fileEncoding = 4; lastKnownFileType = sourcecode.c.objc; path = "UIImage+WebP.m"; sourceTree = "<group>"; };
		5B2324741D94C93B0089C95B /* UIImageView+HighlightedWebCache.h */ = {isa = PBXFileReference; fileEncoding = 4; lastKnownFileType = sourcecode.c.h; path = "UIImageView+HighlightedWebCache.h"; sourceTree = "<group>"; };
		5B2324751D94C93B0089C95B /* UIImageView+HighlightedWebCache.m */ = {isa = PBXFileReference; fileEncoding = 4; lastKnownFileType = sourcecode.c.objc; path = "UIImageView+HighlightedWebCache.m"; sourceTree = "<group>"; };
		5B2324761D94C93B0089C95B /* UIImageView+WebCache.h */ = {isa = PBXFileReference; fileEncoding = 4; lastKnownFileType = sourcecode.c.h; path = "UIImageView+WebCache.h"; sourceTree = "<group>"; };
		5B2324771D94C93B0089C95B /* UIImageView+WebCache.m */ = {isa = PBXFileReference; fileEncoding = 4; lastKnownFileType = sourcecode.c.objc; path = "UIImageView+WebCache.m"; sourceTree = "<group>"; };
		5B2324781D94C93B0089C95B /* UIView+WebCacheOperation.h */ = {isa = PBXFileReference; fileEncoding = 4; lastKnownFileType = sourcecode.c.h; path = "UIView+WebCacheOperation.h"; sourceTree = "<group>"; };
		5B2324791D94C93B0089C95B /* UIView+WebCacheOperation.m */ = {isa = PBXFileReference; fileEncoding = 4; lastKnownFileType = sourcecode.c.objc; path = "UIView+WebCacheOperation.m"; sourceTree = "<group>"; };
		5B23247A1D94C93B0089C95B /* ViewController.h */ = {isa = PBXFileReference; fileEncoding = 4; lastKnownFileType = sourcecode.c.h; path = ViewController.h; sourceTree = "<group>"; };
		5B23247B1D94C93B0089C95B /* ViewController.m */ = {isa = PBXFileReference; fileEncoding = 4; lastKnownFileType = sourcecode.c.objc; path = ViewController.m; sourceTree = "<group>"; };
/* End PBXFileReference section */

/* Begin PBXFrameworksBuildPhase section */
		5B2323CE1D8BCE8F0089C95B /* Frameworks */ = {
			isa = PBXFrameworksBuildPhase;
			buildActionMask = 2147483647;
			files = (
			);
			runOnlyForDeploymentPostprocessing = 0;
		};
		5B2323E71D8BCE900089C95B /* Frameworks */ = {
			isa = PBXFrameworksBuildPhase;
			buildActionMask = 2147483647;
			files = (
			);
			runOnlyForDeploymentPostprocessing = 0;
		};
		5B2323F21D8BCE900089C95B /* Frameworks */ = {
			isa = PBXFrameworksBuildPhase;
			buildActionMask = 2147483647;
			files = (
			);
			runOnlyForDeploymentPostprocessing = 0;
		};
/* End PBXFrameworksBuildPhase section */

/* Begin PBXGroup section */
		5B2323C81D8BCE8F0089C95B = {
			isa = PBXGroup;
			children = (
				5B2324471D94C93B0089C95B /* MCLaunchAd */,
				5B2323ED1D8BCE900089C95B /* MCLaunchAdTests */,
				5B2323F81D8BCE900089C95B /* MCLaunchAdUITests */,
				5B2323D21D8BCE8F0089C95B /* Products */,
				5B2324101D92792A0089C95B /* README.md */,
			);
			sourceTree = "<group>";
		};
		5B2323D21D8BCE8F0089C95B /* Products */ = {
			isa = PBXGroup;
			children = (
				5B2323D11D8BCE8F0089C95B /* MCLaunchAd.app */,
				5B2323EA1D8BCE900089C95B /* MCLaunchAdTests.xctest */,
				5B2323F51D8BCE900089C95B /* MCLaunchAdUITests.xctest */,
			);
			name = Products;
			sourceTree = "<group>";
		};
		5B2323ED1D8BCE900089C95B /* MCLaunchAdTests */ = {
			isa = PBXGroup;
			children = (
				5B2323EE1D8BCE900089C95B /* MCLaunchAdTests.m */,
				5B2323F01D8BCE900089C95B /* Info.plist */,
			);
			path = MCLaunchAdTests;
			sourceTree = "<group>";
		};
		5B2323F81D8BCE900089C95B /* MCLaunchAdUITests */ = {
			isa = PBXGroup;
			children = (
				5B2323F91D8BCE900089C95B /* MCLaunchAdUITests.m */,
				5B2323FB1D8BCE900089C95B /* Info.plist */,
			);
			path = MCLaunchAdUITests;
			sourceTree = "<group>";
		};
		5B2324471D94C93B0089C95B /* MCLaunchAd */ = {
			isa = PBXGroup;
			children = (
				5B2324481D94C93B0089C95B /* AppDelegate.h */,
				5B2324491D94C93B0089C95B /* AppDelegate.m */,
				5B23244A1D94C93B0089C95B /* Assets.xcassets */,
				5B23244B1D94C93B0089C95B /* LaunchScreen.storyboard */,
				5B23244D1D94C93B0089C95B /* Main.storyboard */,
				5B23244F1D94C93B0089C95B /* Info.plist */,
				5B2324501D94C93B0089C95B /* main.m */,
				5B2324511D94C93B0089C95B /* MCCountingButton.h */,
				5B2324521D94C93B0089C95B /* MCCountingButton.m */,
				5B2324531D94C93B0089C95B /* MCLaunchAdView.h */,
				5B2324541D94C93B0089C95B /* MCLaunchAdView.m */,
				5B2324551D94C93B0089C95B /* Resources */,
				5B2324581D94C93B0089C95B /* SDWebImage */,
				5B23247A1D94C93B0089C95B /* ViewController.h */,
				5B23247B1D94C93B0089C95B /* ViewController.m */,
			);
			path = MCLaunchAd;
			sourceTree = "<group>";
		};
		5B2324551D94C93B0089C95B /* Resources */ = {
			isa = PBXGroup;
			children = (
				5B2324561D94C93B0089C95B /* adImage_lion.png */,
				5B2324571D94C93B0089C95B /* LaunchImageIconLogo_930.png */,
			);
			path = Resources;
			sourceTree = "<group>";
		};
		5B2324581D94C93B0089C95B /* SDWebImage */ = {
			isa = PBXGroup;
			children = (
				5B2324591D94C93B0089C95B /* MKAnnotationView+WebCache.h */,
				5B23245A1D94C93B0089C95B /* MKAnnotationView+WebCache.m */,
				5B23245B1D94C93B0089C95B /* NSData+ImageContentType.h */,
				5B23245C1D94C93B0089C95B /* NSData+ImageContentType.m */,
				5B23245D1D94C93B0089C95B /* SDImageCache.h */,
				5B23245E1D94C93B0089C95B /* SDImageCache.m */,
				5B23245F1D94C93B0089C95B /* SDWebImageCompat.h */,
				5B2324601D94C93B0089C95B /* SDWebImageCompat.m */,
				5B2324611D94C93B0089C95B /* SDWebImageDecoder.h */,
				5B2324621D94C93B0089C95B /* SDWebImageDecoder.m */,
				5B2324631D94C93B0089C95B /* SDWebImageDownloader.h */,
				5B2324641D94C93B0089C95B /* SDWebImageDownloader.m */,
				5B2324651D94C93B0089C95B /* SDWebImageDownloaderOperation.h */,
				5B2324661D94C93B0089C95B /* SDWebImageDownloaderOperation.m */,
				5B2324671D94C93B0089C95B /* SDWebImageManager.h */,
				5B2324681D94C93B0089C95B /* SDWebImageManager.m */,
				5B2324691D94C93B0089C95B /* SDWebImageOperation.h */,
				5B23246A1D94C93B0089C95B /* SDWebImagePrefetcher.h */,
				5B23246B1D94C93B0089C95B /* SDWebImagePrefetcher.m */,
				5B23246C1D94C93B0089C95B /* UIButton+WebCache.h */,
				5B23246D1D94C93B0089C95B /* UIButton+WebCache.m */,
				5B23246E1D94C93B0089C95B /* UIImage+GIF.h */,
				5B23246F1D94C93B0089C95B /* UIImage+GIF.m */,
				5B2324701D94C93B0089C95B /* UIImage+MultiFormat.h */,
				5B2324711D94C93B0089C95B /* UIImage+MultiFormat.m */,
				5B2324721D94C93B0089C95B /* UIImage+WebP.h */,
				5B2324731D94C93B0089C95B /* UIImage+WebP.m */,
				5B2324741D94C93B0089C95B /* UIImageView+HighlightedWebCache.h */,
				5B2324751D94C93B0089C95B /* UIImageView+HighlightedWebCache.m */,
				5B2324761D94C93B0089C95B /* UIImageView+WebCache.h */,
				5B2324771D94C93B0089C95B /* UIImageView+WebCache.m */,
				5B2324781D94C93B0089C95B /* UIView+WebCacheOperation.h */,
				5B2324791D94C93B0089C95B /* UIView+WebCacheOperation.m */,
			);
			path = SDWebImage;
			sourceTree = "<group>";
		};
/* End PBXGroup section */

/* Begin PBXNativeTarget section */
		5B2323D01D8BCE8F0089C95B /* MCLaunchAd */ = {
			isa = PBXNativeTarget;
			buildConfigurationList = 5B2323FE1D8BCE900089C95B /* Build configuration list for PBXNativeTarget "MCLaunchAd" */;
			buildPhases = (
				5B2323CD1D8BCE8F0089C95B /* Sources */,
				5B2323CE1D8BCE8F0089C95B /* Frameworks */,
				5B2323CF1D8BCE8F0089C95B /* Resources */,
			);
			buildRules = (
			);
			dependencies = (
			);
			name = MCLaunchAd;
			productName = MCLaunchAd;
			productReference = 5B2323D11D8BCE8F0089C95B /* MCLaunchAd.app */;
			productType = "com.apple.product-type.application";
		};
		5B2323E91D8BCE900089C95B /* MCLaunchAdTests */ = {
			isa = PBXNativeTarget;
			buildConfigurationList = 5B2324011D8BCE900089C95B /* Build configuration list for PBXNativeTarget "MCLaunchAdTests" */;
			buildPhases = (
				5B2323E61D8BCE900089C95B /* Sources */,
				5B2323E71D8BCE900089C95B /* Frameworks */,
				5B2323E81D8BCE900089C95B /* Resources */,
			);
			buildRules = (
			);
			dependencies = (
				5B2323EC1D8BCE900089C95B /* PBXTargetDependency */,
			);
			name = MCLaunchAdTests;
			productName = MCLaunchAdTests;
			productReference = 5B2323EA1D8BCE900089C95B /* MCLaunchAdTests.xctest */;
			productType = "com.apple.product-type.bundle.unit-test";
		};
		5B2323F41D8BCE900089C95B /* MCLaunchAdUITests */ = {
			isa = PBXNativeTarget;
			buildConfigurationList = 5B2324041D8BCE900089C95B /* Build configuration list for PBXNativeTarget "MCLaunchAdUITests" */;
			buildPhases = (
				5B2323F11D8BCE900089C95B /* Sources */,
				5B2323F21D8BCE900089C95B /* Frameworks */,
				5B2323F31D8BCE900089C95B /* Resources */,
			);
			buildRules = (
			);
			dependencies = (
				5B2323F71D8BCE900089C95B /* PBXTargetDependency */,
			);
			name = MCLaunchAdUITests;
			productName = MCLaunchAdUITests;
			productReference = 5B2323F51D8BCE900089C95B /* MCLaunchAdUITests.xctest */;
			productType = "com.apple.product-type.bundle.ui-testing";
		};
/* End PBXNativeTarget section */

/* Begin PBXProject section */
		5B2323C91D8BCE8F0089C95B /* Project object */ = {
			isa = PBXProject;
			attributes = {
				LastUpgradeCheck = 0730;
				ORGANIZATIONNAME = "Martin Choo";
				TargetAttributes = {
					5B2323D01D8BCE8F0089C95B = {
						CreatedOnToolsVersion = 7.3.1;
					};
					5B2323E91D8BCE900089C95B = {
						CreatedOnToolsVersion = 7.3.1;
						TestTargetID = 5B2323D01D8BCE8F0089C95B;
					};
					5B2323F41D8BCE900089C95B = {
						CreatedOnToolsVersion = 7.3.1;
						TestTargetID = 5B2323D01D8BCE8F0089C95B;
					};
				};
			};
			buildConfigurationList = 5B2323CC1D8BCE8F0089C95B /* Build configuration list for PBXProject "MCLaunchAd" */;
			compatibilityVersion = "Xcode 3.2";
			developmentRegion = English;
			hasScannedForEncodings = 0;
			knownRegions = (
				en,
				Base,
			);
			mainGroup = 5B2323C81D8BCE8F0089C95B;
			productRefGroup = 5B2323D21D8BCE8F0089C95B /* Products */;
			projectDirPath = "";
			projectRoot = "";
			targets = (
				5B2323D01D8BCE8F0089C95B /* MCLaunchAd */,
				5B2323E91D8BCE900089C95B /* MCLaunchAdTests */,
				5B2323F41D8BCE900089C95B /* MCLaunchAdUITests */,
			);
		};
/* End PBXProject section */

/* Begin PBXResourcesBuildPhase section */
		5B2323CF1D8BCE8F0089C95B /* Resources */ = {
			isa = PBXResourcesBuildPhase;
			buildActionMask = 2147483647;
			files = (
				5B2324801D94C93B0089C95B /* Info.plist in Resources */,
				5B23247F1D94C93B0089C95B /* Main.storyboard in Resources */,
				5B2324841D94C93B0089C95B /* adImage_lion.png in Resources */,
				5B23247D1D94C93B0089C95B /* Assets.xcassets in Resources */,
				5B23247E1D94C93B0089C95B /* LaunchScreen.storyboard in Resources */,
				5B2324851D94C93B0089C95B /* LaunchImageIconLogo_930.png in Resources */,
			);
			runOnlyForDeploymentPostprocessing = 0;
		};
		5B2323E81D8BCE900089C95B /* Resources */ = {
			isa = PBXResourcesBuildPhase;
			buildActionMask = 2147483647;
			files = (
			);
			runOnlyForDeploymentPostprocessing = 0;
		};
		5B2323F31D8BCE900089C95B /* Resources */ = {
			isa = PBXResourcesBuildPhase;
			buildActionMask = 2147483647;
			files = (
			);
			runOnlyForDeploymentPostprocessing = 0;
		};
/* End PBXResourcesBuildPhase section */

/* Begin PBXSourcesBuildPhase section */
		5B2323CD1D8BCE8F0089C95B /* Sources */ = {
			isa = PBXSourcesBuildPhase;
			buildActionMask = 2147483647;
			files = (
				5B2324821D94C93B0089C95B /* MCCountingButton.m in Sources */,
				5B2324931D94C93B0089C95B /* UIImageView+HighlightedWebCache.m in Sources */,
				5B2324941D94C93B0089C95B /* UIImageView+WebCache.m in Sources */,
				5B2324921D94C93B0089C95B /* UIImage+WebP.m in Sources */,
				5B23248E1D94C93B0089C95B /* SDWebImagePrefetcher.m in Sources */,
				5B23247C1D94C93B0089C95B /* AppDelegate.m in Sources */,
				5B23248A1D94C93B0089C95B /* SDWebImageDecoder.m in Sources */,
				5B23248B1D94C93B0089C95B /* SDWebImageDownloader.m in Sources */,
				5B2324831D94C93B0089C95B /* MCLaunchAdView.m in Sources */,
				5B23248D1D94C93B0089C95B /* SDWebImageManager.m in Sources */,
				5B2324951D94C93B0089C95B /* UIView+WebCacheOperation.m in Sources */,
				5B23248F1D94C93B0089C95B /* UIButton+WebCache.m in Sources */,
				5B2324911D94C93B0089C95B /* UIImage+MultiFormat.m in Sources */,
				5B2324811D94C93B0089C95B /* main.m in Sources */,
				5B23248C1D94C93B0089C95B /* SDWebImageDownloaderOperation.m in Sources */,
				5B2324901D94C93B0089C95B /* UIImage+GIF.m in Sources */,
				5B2324961D94C93B0089C95B /* ViewController.m in Sources */,
				5B2324891D94C93B0089C95B /* SDWebImageCompat.m in Sources */,
				5B2324871D94C93B0089C95B /* NSData+ImageContentType.m in Sources */,
				5B2324111D92792A0089C95B /* README.md in Sources */,
				5B2324861D94C93B0089C95B /* MKAnnotationView+WebCache.m in Sources */,
				5B2324881D94C93B0089C95B /* SDImageCache.m in Sources */,
			);
			runOnlyForDeploymentPostprocessing = 0;
		};
		5B2323E61D8BCE900089C95B /* Sources */ = {
			isa = PBXSourcesBuildPhase;
			buildActionMask = 2147483647;
			files = (
				5B2323EF1D8BCE900089C95B /* MCLaunchAdTests.m in Sources */,
			);
			runOnlyForDeploymentPostprocessing = 0;
		};
		5B2323F11D8BCE900089C95B /* Sources */ = {
			isa = PBXSourcesBuildPhase;
			buildActionMask = 2147483647;
			files = (
				5B2323FA1D8BCE900089C95B /* MCLaunchAdUITests.m in Sources */,
			);
			runOnlyForDeploymentPostprocessing = 0;
		};
/* End PBXSourcesBuildPhase section */

/* Begin PBXTargetDependency section */
		5B2323EC1D8BCE900089C95B /* PBXTargetDependency */ = {
			isa = PBXTargetDependency;
			target = 5B2323D01D8BCE8F0089C95B /* MCLaunchAd */;
			targetProxy = 5B2323EB1D8BCE900089C95B /* PBXContainerItemProxy */;
		};
		5B2323F71D8BCE900089C95B /* PBXTargetDependency */ = {
			isa = PBXTargetDependency;
			target = 5B2323D01D8BCE8F0089C95B /* MCLaunchAd */;
			targetProxy = 5B2323F61D8BCE900089C95B /* PBXContainerItemProxy */;
		};
/* End PBXTargetDependency section */

/* Begin PBXVariantGroup section */
		5B23244B1D94C93B0089C95B /* LaunchScreen.storyboard */ = {
			isa = PBXVariantGroup;
			children = (
				5B23244C1D94C93B0089C95B /* Base */,
			);
			name = LaunchScreen.storyboard;
			sourceTree = "<group>";
		};
		5B23244D1D94C93B0089C95B /* Main.storyboard */ = {
			isa = PBXVariantGroup;
			children = (
				5B23244E1D94C93B0089C95B /* Base */,
			);
			name = Main.storyboard;
			sourceTree = "<group>";
		};
/* End PBXVariantGroup section */

/* Begin XCBuildConfiguration section */
		5B2323FC1D8BCE900089C95B /* Debug */ = {
			isa = XCBuildConfiguration;
			buildSettings = {
				ALWAYS_SEARCH_USER_PATHS = NO;
				CLANG_ANALYZER_NONNULL = YES;
				CLANG_CXX_LANGUAGE_STANDARD = "gnu++0x";
				CLANG_CXX_LIBRARY = "libc++";
				CLANG_ENABLE_MODULES = YES;
				CLANG_ENABLE_OBJC_ARC = YES;
				CLANG_WARN_BOOL_CONVERSION = YES;
				CLANG_WARN_CONSTANT_CONVERSION = YES;
				CLANG_WARN_DIRECT_OBJC_ISA_USAGE = YES_ERROR;
				CLANG_WARN_EMPTY_BODY = YES;
				CLANG_WARN_ENUM_CONVERSION = YES;
				CLANG_WARN_INT_CONVERSION = YES;
				CLANG_WARN_OBJC_ROOT_CLASS = YES_ERROR;
				CLANG_WARN_UNREACHABLE_CODE = YES;
				CLANG_WARN__DUPLICATE_METHOD_MATCH = YES;
				"CODE_SIGN_IDENTITY[sdk=iphoneos*]" = "iPhone Developer";
				COPY_PHASE_STRIP = NO;
				DEBUG_INFORMATION_FORMAT = dwarf;
				ENABLE_STRICT_OBJC_MSGSEND = YES;
				ENABLE_TESTABILITY = YES;
				GCC_C_LANGUAGE_STANDARD = gnu99;
				GCC_DYNAMIC_NO_PIC = NO;
				GCC_NO_COMMON_BLOCKS = YES;
				GCC_OPTIMIZATION_LEVEL = 0;
				GCC_PREPROCESSOR_DEFINITIONS = (
					"DEBUG=1",
					"$(inherited)",
				);
				GCC_WARN_64_TO_32_BIT_CONVERSION = YES;
				GCC_WARN_ABOUT_RETURN_TYPE = YES_ERROR;
				GCC_WARN_UNDECLARED_SELECTOR = YES;
				GCC_WARN_UNINITIALIZED_AUTOS = YES_AGGRESSIVE;
				GCC_WARN_UNUSED_FUNCTION = YES;
				GCC_WARN_UNUSED_VARIABLE = YES;
				IPHONEOS_DEPLOYMENT_TARGET = 9.3;
				MTL_ENABLE_DEBUG_INFO = YES;
				ONLY_ACTIVE_ARCH = YES;
				SDKROOT = iphoneos;
				TARGETED_DEVICE_FAMILY = "1,2";
			};
			name = Debug;
		};
		5B2323FD1D8BCE900089C95B /* Release */ = {
			isa = XCBuildConfiguration;
			buildSettings = {
				ALWAYS_SEARCH_USER_PATHS = NO;
				CLANG_ANALYZER_NONNULL = YES;
				CLANG_CXX_LANGUAGE_STANDARD = "gnu++0x";
				CLANG_CXX_LIBRARY = "libc++";
				CLANG_ENABLE_MODULES = YES;
				CLANG_ENABLE_OBJC_ARC = YES;
				CLANG_WARN_BOOL_CONVERSION = YES;
				CLANG_WARN_CONSTANT_CONVERSION = YES;
				CLANG_WARN_DIRECT_OBJC_ISA_USAGE = YES_ERROR;
				CLANG_WARN_EMPTY_BODY = YES;
				CLANG_WARN_ENUM_CONVERSION = YES;
				CLANG_WARN_INT_CONVERSION = YES;
				CLANG_WARN_OBJC_ROOT_CLASS = YES_ERROR;
				CLANG_WARN_UNREACHABLE_CODE = YES;
				CLANG_WARN__DUPLICATE_METHOD_MATCH = YES;
				"CODE_SIGN_IDENTITY[sdk=iphoneos*]" = "iPhone Developer";
				COPY_PHASE_STRIP = NO;
				DEBUG_INFORMATION_FORMAT = "dwarf-with-dsym";
				ENABLE_NS_ASSERTIONS = NO;
				ENABLE_STRICT_OBJC_MSGSEND = YES;
				GCC_C_LANGUAGE_STANDARD = gnu99;
				GCC_NO_COMMON_BLOCKS = YES;
				GCC_WARN_64_TO_32_BIT_CONVERSION = YES;
				GCC_WARN_ABOUT_RETURN_TYPE = YES_ERROR;
				GCC_WARN_UNDECLARED_SELECTOR = YES;
				GCC_WARN_UNINITIALIZED_AUTOS = YES_AGGRESSIVE;
				GCC_WARN_UNUSED_FUNCTION = YES;
				GCC_WARN_UNUSED_VARIABLE = YES;
				IPHONEOS_DEPLOYMENT_TARGET = 9.3;
				MTL_ENABLE_DEBUG_INFO = NO;
				SDKROOT = iphoneos;
				TARGETED_DEVICE_FAMILY = "1,2";
				VALIDATE_PRODUCT = YES;
			};
			name = Release;
		};
		5B2323FF1D8BCE900089C95B /* Debug */ = {
			isa = XCBuildConfiguration;
			buildSettings = {
				ASSETCATALOG_COMPILER_APPICON_NAME = AppIcon;
				INFOPLIST_FILE = MCLaunchAd/Info.plist;
				LD_RUNPATH_SEARCH_PATHS = "$(inherited) @executable_path/Frameworks";
				PRODUCT_BUNDLE_IDENTIFIER = "vh.anxin-net.com.Martin.MCLaunchAd";
				PRODUCT_NAME = "$(TARGET_NAME)";
			};
			name = Debug;
		};
		5B2324001D8BCE900089C95B /* Release */ = {
			isa = XCBuildConfiguration;
			buildSettings = {
				ASSETCATALOG_COMPILER_APPICON_NAME = AppIcon;
				INFOPLIST_FILE = MCLaunchAd/Info.plist;
				LD_RUNPATH_SEARCH_PATHS = "$(inherited) @executable_path/Frameworks";
				PRODUCT_BUNDLE_IDENTIFIER = "vh.anxin-net.com.Martin.MCLaunchAd";
				PRODUCT_NAME = "$(TARGET_NAME)";
			};
			name = Release;
		};
		5B2324021D8BCE900089C95B /* Debug */ = {
			isa = XCBuildConfiguration;
			buildSettings = {
				BUNDLE_LOADER = "$(TEST_HOST)";
				INFOPLIST_FILE = MCLaunchAdTests/Info.plist;
				LD_RUNPATH_SEARCH_PATHS = "$(inherited) @executable_path/Frameworks @loader_path/Frameworks";
				PRODUCT_BUNDLE_IDENTIFIER = "vh.anxin-net.com.Martin.MCLaunchAdTests";
				PRODUCT_NAME = "$(TARGET_NAME)";
				TEST_HOST = "$(BUILT_PRODUCTS_DIR)/MCLaunchAd.app/MCLaunchAd";
			};
			name = Debug;
		};
		5B2324031D8BCE900089C95B /* Release */ = {
			isa = XCBuildConfiguration;
			buildSettings = {
				BUNDLE_LOADER = "$(TEST_HOST)";
				INFOPLIST_FILE = MCLaunchAdTests/Info.plist;
				LD_RUNPATH_SEARCH_PATHS = "$(inherited) @executable_path/Frameworks @loader_path/Frameworks";
				PRODUCT_BUNDLE_IDENTIFIER = "vh.anxin-net.com.Martin.MCLaunchAdTests";
				PRODUCT_NAME = "$(TARGET_NAME)";
				TEST_HOST = "$(BUILT_PRODUCTS_DIR)/MCLaunchAd.app/MCLaunchAd";
			};
			name = Release;
		};
		5B2324051D8BCE900089C95B /* Debug */ = {
			isa = XCBuildConfiguration;
			buildSettings = {
				INFOPLIST_FILE = MCLaunchAdUITests/Info.plist;
				LD_RUNPATH_SEARCH_PATHS = "$(inherited) @executable_path/Frameworks @loader_path/Frameworks";
				PRODUCT_BUNDLE_IDENTIFIER = "vh.anxin-net.com.Martin.MCLaunchAdUITests";
				PRODUCT_NAME = "$(TARGET_NAME)";
				TEST_TARGET_NAME = MCLaunchAd;
			};
			name = Debug;
		};
		5B2324061D8BCE900089C95B /* Release */ = {
			isa = XCBuildConfiguration;
			buildSettings = {
				INFOPLIST_FILE = MCLaunchAdUITests/Info.plist;
				LD_RUNPATH_SEARCH_PATHS = "$(inherited) @executable_path/Frameworks @loader_path/Frameworks";
				PRODUCT_BUNDLE_IDENTIFIER = "vh.anxin-net.com.Martin.MCLaunchAdUITests";
				PRODUCT_NAME = "$(TARGET_NAME)";
				TEST_TARGET_NAME = MCLaunchAd;
			};
			name = Release;
		};
/* End XCBuildConfiguration section */

/* Begin XCConfigurationList section */
		5B2323CC1D8BCE8F0089C95B /* Build configuration list for PBXProject "MCLaunchAd" */ = {
			isa = XCConfigurationList;
			buildConfigurations = (
				5B2323FC1D8BCE900089C95B /* Debug */,
				5B2323FD1D8BCE900089C95B /* Release */,
			);
			defaultConfigurationIsVisible = 0;
			defaultConfigurationName = Release;
		};
		5B2323FE1D8BCE900089C95B /* Build configuration list for PBXNativeTarget "MCLaunchAd" */ = {
			isa = XCConfigurationList;
			buildConfigurations = (
				5B2323FF1D8BCE900089C95B /* Debug */,
				5B2324001D8BCE900089C95B /* Release */,
			);
			defaultConfigurationIsVisible = 0;
			defaultConfigurationName = Release;
		};
		5B2324011D8BCE900089C95B /* Build configuration list for PBXNativeTarget "MCLaunchAdTests" */ = {
			isa = XCConfigurationList;
			buildConfigurations = (
				5B2324021D8BCE900089C95B /* Debug */,
				5B2324031D8BCE900089C95B /* Release */,
			);
			defaultConfigurationIsVisible = 0;
			defaultConfigurationName = Release;
		};
		5B2324041D8BCE900089C95B /* Build configuration list for PBXNativeTarget "MCLaunchAdUITests" */ = {
			isa = XCConfigurationList;
			buildConfigurations = (
				5B2324051D8BCE900089C95B /* Debug */,
				5B2324061D8BCE900089C95B /* Release */,
			);
			defaultConfigurationIsVisible = 0;
			defaultConfigurationName = Release;
		};
/* End XCConfigurationList section */
	};
	rootObject = 5B2323C91D8BCE8F0089C95B /* Project object */;
}
